PODS:
  - FBSnapshotTestCase (1.6)
  - VisualConstraints (0.1.0)

DEPENDENCIES:
  - FBSnapshotTestCase
  - VisualConstraints (from `../`)

EXTERNAL SOURCES:
  VisualConstraints:
    :path: ../

SPEC CHECKSUMS:
  FBSnapshotTestCase: 9d5fe43b29ae3a0ed8fc829477971b281038f748
  VisualConstraints: c81729e47f1b9dca6883d93fdb6359c3f6b2f35f

COCOAPODS: 0.36.1
