PODS:
  - CocoaLumberjack (2.0.0):
    - CocoaLumberjack/Default (= 2.0.0)
    - CocoaLumberjack/Extensions (= 2.0.0)
  - CocoaLumberjack/Core (2.0.0)
  - CocoaLumberjack/Default (2.0.0):
    - CocoaLumberjack/Core
  - CocoaLumberjack/Extensions (2.0.0):
    - CocoaLumberjack/Default
  - FBSnapshotTestCase (1.6)
  - VisualConstraints (0.1.0):
    - CocoaLumberjack

DEPENDENCIES:
  - FBSnapshotTestCase
  - VisualConstraints (from `../`)

EXTERNAL SOURCES:
  VisualConstraints:
    :path: ../

SPEC CHECKSUMS:
  CocoaLumberjack: a6f77d987d65dc7ba86b0f84db7d0b9084f77bcb
  FBSnapshotTestCase: 9d5fe43b29ae3a0ed8fc829477971b281038f748
  VisualConstraints: 1731c8584711a2fcdf05c0af30e97d4aa5e23026

COCOAPODS: 0.36.1
